
Microsoft Visual Studio Solution File, Format Version 12.00
# Visual Studio 15
VisualStudioVersion = 15.0.28010.2003
MinimumVisualStudioVersion = 10.0.40219.1
Project("{9A19103F-16F7-4668-BE54-9A1E7A4F7556}") = "IPWService", "IPWService\IPWService.csproj", "{0DB27E9F-6A7E-4165-AAC4-0BF2B7319954}"
EndProject
Project("{FAE04EC0-301F-11D3-BF4B-00C04F79EFBC}") = "CommonRequestModel", "CommonRequestModel\CommonRequestModel.csproj", "{D8B33F61-D715-4834-98E2-22175996AD28}"
EndProject
Global
	GlobalSection(SolutionConfigurationPlatforms) = preSolution
		Debug|Any CPU = Debug|Any CPU
		Release|Any CPU = Release|Any CPU
	EndGlobalSection
	GlobalSection(ProjectConfigurationPlatforms) = postSolution
		{0DB27E9F-6A7E-4165-AAC4-0BF2B7319954}.Debug|Any CPU.ActiveCfg = Debug|Any CPU
		{0DB27E9F-6A7E-4165-AAC4-0BF2B7319954}.Debug|Any CPU.Build.0 = Debug|Any CPU
		{0DB27E9F-6A7E-4165-AAC4-0BF2B7319954}.Release|Any CPU.ActiveCfg = Release|Any CPU
		{0DB27E9F-6A7E-4165-AAC4-0BF2B7319954}.Release|Any CPU.Build.0 = Release|Any CPU
		{D8B33F61-D715-4834-98E2-22175996AD28}.Debug|Any CPU.ActiveCfg = Debug|Any CPU
		{D8B33F61-D715-4834-98E2-22175996AD28}.Debug|Any CPU.Build.0 = Debug|Any CPU
		{D8B33F61-D715-4834-98E2-22175996AD28}.Release|Any CPU.ActiveCfg = Release|Any CPU
		{D8B33F61-D715-4834-98E2-22175996AD28}.Release|Any CPU.Build.0 = Release|Any CPU
	EndGlobalSection
	GlobalSection(SolutionProperties) = preSolution
		HideSolutionNode = FALSE
	EndGlobalSection
	GlobalSection(ExtensibilityGlobals) = postSolution
		SolutionGuid = {D81B29C9-009F-4485-B50C-A12DE8955646}
	EndGlobalSection
EndGlobal
